
Microsoft Visual Studio Solution File, Format Version 12.00
# Visual Studio Version 17
VisualStudioVersion = 17.0.32112.339
MinimumVisualStudioVersion = 10.0.40219.1
Project("{FAE04EC0-301F-11D3-BF4B-00C04F79EFBC}") = "PowerOf2", "PowerOf2.csproj", "{CAEBE0BF-6151-4BE3-B6E7-A5AF085515E9}"
EndProject
Global
	GlobalSection(SolutionConfigurationPlatforms) = preSolution
		Debug|Any CPU = Debug|Any CPU
		Release|Any CPU = Release|Any CPU
	EndGlobalSection
	GlobalSection(ProjectConfigurationPlatforms) = postSolution
		{CAEBE0BF-6151-4BE3-B6E7-A5AF085515E9}.Debug|Any CPU.ActiveCfg = Debug|Any CPU
		{CAEBE0BF-6151-4BE3-B6E7-A5AF085515E9}.Debug|Any CPU.Build.0 = Debug|Any CPU
		{CAEBE0BF-6151-4BE3-B6E7-A5AF085515E9}.Release|Any CPU.ActiveCfg = Release|Any CPU
		{CAEBE0BF-6151-4BE3-B6E7-A5AF085515E9}.Release|Any CPU.Build.0 = Release|Any CPU
	EndGlobalSection
	GlobalSection(SolutionProperties) = preSolution
		HideSolutionNode = FALSE
	EndGlobalSection
	GlobalSection(ExtensibilityGlobals) = postSolution
		SolutionGuid = {0B9CB694-B7B5-4FC9-9869-D1428BB9306F}
	EndGlobalSection
EndGlobal
