
Microsoft Visual Studio Solution File, Format Version 12.00
# Visual Studio Version 17
VisualStudioVersion = 17.0.32112.339
MinimumVisualStudioVersion = 10.0.40219.1
Project("{FAE04EC0-301F-11D3-BF4B-00C04F79EFBC}") = "Factorial", "Factorial.csproj", "{E0C5871A-86AA-4E87-A28C-3A9201CC3D9A}"
EndProject
Global
	GlobalSection(SolutionConfigurationPlatforms) = preSolution
		Debug|Any CPU = Debug|Any CPU
		Release|Any CPU = Release|Any CPU
	EndGlobalSection
	GlobalSection(ProjectConfigurationPlatforms) = postSolution
		{E0C5871A-86AA-4E87-A28C-3A9201CC3D9A}.Debug|Any CPU.ActiveCfg = Debug|Any CPU
		{E0C5871A-86AA-4E87-A28C-3A9201CC3D9A}.Debug|Any CPU.Build.0 = Debug|Any CPU
		{E0C5871A-86AA-4E87-A28C-3A9201CC3D9A}.Release|Any CPU.ActiveCfg = Release|Any CPU
		{E0C5871A-86AA-4E87-A28C-3A9201CC3D9A}.Release|Any CPU.Build.0 = Release|Any CPU
	EndGlobalSection
	GlobalSection(SolutionProperties) = preSolution
		HideSolutionNode = FALSE
	EndGlobalSection
	GlobalSection(ExtensibilityGlobals) = postSolution
		SolutionGuid = {CE58B624-CA29-449F-AB7A-A7A8F4188A94}
	EndGlobalSection
EndGlobal
