
Microsoft Visual Studio Solution File, Format Version 12.00
# Visual Studio Version 17
VisualStudioVersion = 17.0.32112.339
MinimumVisualStudioVersion = 10.0.40219.1
Project("{FAE04EC0-301F-11D3-BF4B-00C04F79EFBC}") = "LeapYear", "LeapYear.csproj", "{2963134F-38ED-4703-BB3F-90C3486168AB}"
EndProject
Global
	GlobalSection(SolutionConfigurationPlatforms) = preSolution
		Debug|Any CPU = Debug|Any CPU
		Release|Any CPU = Release|Any CPU
	EndGlobalSection
	GlobalSection(ProjectConfigurationPlatforms) = postSolution
		{2963134F-38ED-4703-BB3F-90C3486168AB}.Debug|Any CPU.ActiveCfg = Debug|Any CPU
		{2963134F-38ED-4703-BB3F-90C3486168AB}.Debug|Any CPU.Build.0 = Debug|Any CPU
		{2963134F-38ED-4703-BB3F-90C3486168AB}.Release|Any CPU.ActiveCfg = Release|Any CPU
		{2963134F-38ED-4703-BB3F-90C3486168AB}.Release|Any CPU.Build.0 = Release|Any CPU
	EndGlobalSection
	GlobalSection(SolutionProperties) = preSolution
		HideSolutionNode = FALSE
	EndGlobalSection
	GlobalSection(ExtensibilityGlobals) = postSolution
		SolutionGuid = {BA07372D-925F-4AE1-94C5-D6CC98544BAB}
	EndGlobalSection
EndGlobal
